
Microsoft Visual Studio Solution File, Format Version 12.00
# Visual Studio Version 16
VisualStudioVersion = 16.0.31624.102
MinimumVisualStudioVersion = 10.0.40219.1
Project("{9A19103F-16F7-4668-BE54-9A1E7A4F7556}") = "SocialDistancingForSidewalks", "SocialDistancingForSidewalks.csproj", "{1CF79728-D64B-4356-8069-0FAD76B77240}"
EndProject
Global
	GlobalSection(SolutionConfigurationPlatforms) = preSolution
		Debug|Any CPU = Debug|Any CPU
		Release|Any CPU = Release|Any CPU
	EndGlobalSection
	GlobalSection(ProjectConfigurationPlatforms) = postSolution
		{1CF79728-D64B-4356-8069-0FAD76B77240}.Debug|Any CPU.ActiveCfg = Debug|Any CPU
		{1CF79728-D64B-4356-8069-0FAD76B77240}.Debug|Any CPU.Build.0 = Debug|Any CPU
		{1CF79728-D64B-4356-8069-0FAD76B77240}.Release|Any CPU.ActiveCfg = Release|Any CPU
		{1CF79728-D64B-4356-8069-0FAD76B77240}.Release|Any CPU.Build.0 = Release|Any CPU
	EndGlobalSection
	GlobalSection(SolutionProperties) = preSolution
		HideSolutionNode = FALSE
	EndGlobalSection
	GlobalSection(ExtensibilityGlobals) = postSolution
		SolutionGuid = {095B9B01-D4FB-4AB9-BED0-047927C4D3D3}
	EndGlobalSection
EndGlobal
